// !$*UTF8*$!
{
	archiveVersion = 1;
	classes = {
	};
	objectVersion = 48;
	objects = {

/* Begin PBXBuildFile section */
		07BC145D186B8CB3D8480D73 /* Pods_LectureBuddy.framework in Frameworks */ = {isa = PBXBuildFile; fileRef = 079C2D05E45C5D9C003C9C9C /* Pods_LectureBuddy.framework */; };
		74FA1658F18922B82703CB0E /* Pods_LectureBuddyUITests.framework in Frameworks */ = {isa = PBXBuildFile; fileRef = 6D2B955654D046E2EBAE9F43 /* Pods_LectureBuddyUITests.framework */; };
		CA000BB02001957300ABF3B6 /* AudioWaveView.swift in Sources */ = {isa = PBXBuildFile; fileRef = CA000BAF2001957300ABF3B6 /* AudioWaveView.swift */; };
		CA265E562005218C00BC5159 /* ViewControllerExtension.swift in Sources */ = {isa = PBXBuildFile; fileRef = CA265E552005218C00BC5159 /* ViewControllerExtension.swift */; };
		CA265E5820052F7D00BC5159 /* ScrollViewExtension.swift in Sources */ = {isa = PBXBuildFile; fileRef = CA265E5720052F7D00BC5159 /* ScrollViewExtension.swift */; };
		CA265E5A200575CA00BC5159 /* GradientView.swift in Sources */ = {isa = PBXBuildFile; fileRef = CA265E59200575CA00BC5159 /* GradientView.swift */; };
		CA265E5D200586A500BC5159 /* SaveRecordingPopupView.swift in Sources */ = {isa = PBXBuildFile; fileRef = CA265E5B200586A400BC5159 /* SaveRecordingPopupView.swift */; };
		CA265E5E200586A500BC5159 /* SaveRecordingPopupView.xib in Resources */ = {isa = PBXBuildFile; fileRef = CA265E5C200586A400BC5159 /* SaveRecordingPopupView.xib */; };
		CA265E60200586B600BC5159 /* AddSubjectPopupView.xib in Resources */ = {isa = PBXBuildFile; fileRef = CA265E5F200586B600BC5159 /* AddSubjectPopupView.xib */; };
		CA3150651FAE4EA9009A90EF /* SignupViewController.swift in Sources */ = {isa = PBXBuildFile; fileRef = CA3150641FAE4EA9009A90EF /* SignupViewController.swift */; };
		CA46C0041FAE3AE100AF4D4F /* AppDelegate.swift in Sources */ = {isa = PBXBuildFile; fileRef = CA46C0031FAE3AE100AF4D4F /* AppDelegate.swift */; };
		CA46C0091FAE3AE100AF4D4F /* Main.storyboard in Resources */ = {isa = PBXBuildFile; fileRef = CA46C0071FAE3AE100AF4D4F /* Main.storyboard */; };
		CA46C00B1FAE3AE100AF4D4F /* Assets.xcassets in Resources */ = {isa = PBXBuildFile; fileRef = CA46C00A1FAE3AE100AF4D4F /* Assets.xcassets */; };
		CA46C00E1FAE3AE100AF4D4F /* LaunchScreen.storyboard in Resources */ = {isa = PBXBuildFile; fileRef = CA46C00C1FAE3AE100AF4D4F /* LaunchScreen.storyboard */; };
		CA46C0191FAE3AE100AF4D4F /* LectureBuddyTests.swift in Sources */ = {isa = PBXBuildFile; fileRef = CA46C0181FAE3AE100AF4D4F /* LectureBuddyTests.swift */; };
		CA46C0241FAE3AE100AF4D4F /* LectureBuddyUITests.swift in Sources */ = {isa = PBXBuildFile; fileRef = CA46C0231FAE3AE100AF4D4F /* LectureBuddyUITests.swift */; };
		CA47D5A1201BE74E006A5625 /* NoSubjectsViewController.swift in Sources */ = {isa = PBXBuildFile; fileRef = CA47D5A0201BE74E006A5625 /* NoSubjectsViewController.swift */; };
		CA4E795A1FAFDEB900EE7532 /* PushKit.framework in Frameworks */ = {isa = PBXBuildFile; fileRef = CA4E79591FAFDEB900EE7532 /* PushKit.framework */; };
		CA5AA4B21FAF9DC400E0A308 /* DataManager.swift in Sources */ = {isa = PBXBuildFile; fileRef = CA5AA4B11FAF9DC300E0A308 /* DataManager.swift */; };
		CA6248511FAE6C2A005F5A16 /* ViewExtension.swift in Sources */ = {isa = PBXBuildFile; fileRef = CA6248501FAE6C2A005F5A16 /* ViewExtension.swift */; };
		CA66BAB01FAE4A9200657368 /* GoogleService-Info.plist in Resources */ = {isa = PBXBuildFile; fileRef = CA66BAAF1FAE4A9200657368 /* GoogleService-Info.plist */; };
		CA76AF291FB8C37C006E39AC /* KeywordsPopupView.swift in Sources */ = {isa = PBXBuildFile; fileRef = CA76AF281FB8C37C006E39AC /* KeywordsPopupView.swift */; };
		CA76AF2B1FB8C38A006E39AC /* KeywordsPopupView.xib in Resources */ = {isa = PBXBuildFile; fileRef = CA76AF2A1FB8C38A006E39AC /* KeywordsPopupView.xib */; };
		CA76AF2E1FB8CBA0006E39AC /* KeywordTableViewCell.swift in Sources */ = {isa = PBXBuildFile; fileRef = CA76AF2C1FB8CBA0006E39AC /* KeywordTableViewCell.swift */; };
		CA76AF2F1FB8CBA0006E39AC /* KeywordTableViewCell.xib in Resources */ = {isa = PBXBuildFile; fileRef = CA76AF2D1FB8CBA0006E39AC /* KeywordTableViewCell.xib */; };
		CA76AF321FB8E7AD006E39AC /* AddKeywordTableViewCell.swift in Sources */ = {isa = PBXBuildFile; fileRef = CA76AF301FB8E7AD006E39AC /* AddKeywordTableViewCell.swift */; };
		CA76AF331FB8E7AD006E39AC /* AddKeywordTableViewCell.xib in Resources */ = {isa = PBXBuildFile; fileRef = CA76AF311FB8E7AD006E39AC /* AddKeywordTableViewCell.xib */; };
		CA7C9E2A2001744D003786C9 /* WaveformView.swift in Sources */ = {isa = PBXBuildFile; fileRef = CA7C9E292001744D003786C9 /* WaveformView.swift */; };
		CA89B83A1FAEA76D001BD9EA /* AddSubjectPopupView.swift in Sources */ = {isa = PBXBuildFile; fileRef = CA89B8391FAEA76D001BD9EA /* AddSubjectPopupView.swift */; };
		CA96F0241FE5D97100758716 /* RecordingViewController.swift in Sources */ = {isa = PBXBuildFile; fileRef = CA96F0231FE5D97000758716 /* RecordingViewController.swift */; };
		CA98F911201BD5EC00473697 /* SettingsViewController.swift in Sources */ = {isa = PBXBuildFile; fileRef = CA98F910201BD5EC00473697 /* SettingsViewController.swift */; };
		CA98F914201BDAEE00473697 /* SettingsSubjectTableViewCell.swift in Sources */ = {isa = PBXBuildFile; fileRef = CA98F913201BDAEE00473697 /* SettingsSubjectTableViewCell.swift */; };
		CA9F13151FB5692100DAE153 /* PopupContentView.swift in Sources */ = {isa = PBXBuildFile; fileRef = CA9F13141FB5692100DAE153 /* PopupContentView.swift */; };
		CAA2751A20154E01008469D0 /* Subject.swift in Sources */ = {isa = PBXBuildFile; fileRef = CAA2751920154E01008469D0 /* Subject.swift */; };
		CAA2751D201552D4008469D0 /* Recording.swift in Sources */ = {isa = PBXBuildFile; fileRef = CAA2751C201552D4008469D0 /* Recording.swift */; };
		CAA58E94200160C800555696 /* RestartingRecognitionView.swift in Sources */ = {isa = PBXBuildFile; fileRef = CAA58E93200160C800555696 /* RestartingRecognitionView.swift */; };
		CAAFDF4E1FEDC636004EE702 /* HomePageViewController.swift in Sources */ = {isa = PBXBuildFile; fileRef = CAAFDF4D1FEDC636004EE702 /* HomePageViewController.swift */; };
		CAAFDF501FEDC99B004EE702 /* RecordingsTableViewController.swift in Sources */ = {isa = PBXBuildFile; fileRef = CAAFDF4F1FEDC99B004EE702 /* RecordingsTableViewController.swift */; };
		CAAFDF521FEDD1FC004EE702 /* ColorManager.swift in Sources */ = {isa = PBXBuildFile; fileRef = CAAFDF511FEDD1FC004EE702 /* ColorManager.swift */; };
		CAAFDF551FEDD7CC004EE702 /* NavigationBarExtension.swift in Sources */ = {isa = PBXBuildFile; fileRef = CAAFDF541FEDD7CC004EE702 /* NavigationBarExtension.swift */; };
		CAAFDF571FEDDA92004EE702 /* RecordingTableViewCell.swift in Sources */ = {isa = PBXBuildFile; fileRef = CAAFDF561FEDDA92004EE702 /* RecordingTableViewCell.swift */; };
		CAC3AB1220002B3400C23553 /* SpeechRecogitionManager.swift in Sources */ = {isa = PBXBuildFile; fileRef = CAC3AB1120002B3400C23553 /* SpeechRecogitionManager.swift */; };
		CAE84D7D1FB55AAC002C8F29 /* PopupTemplateViewController.swift in Sources */ = {isa = PBXBuildFile; fileRef = CAE84D7B1FB55AAC002C8F29 /* PopupTemplateViewController.swift */; };
		D14A01ABA2421D63C173EBD1 /* Pods_LectureBuddyTests.framework in Frameworks */ = {isa = PBXBuildFile; fileRef = D04C9663DF04F7EC2A2254E5 /* Pods_LectureBuddyTests.framework */; };
/* End PBXBuildFile section */

/* Begin PBXContainerItemProxy section */
		CA46C0151FAE3AE100AF4D4F /* PBXContainerItemProxy */ = {
			isa = PBXContainerItemProxy;
			containerPortal = CA46BFF81FAE3AE100AF4D4F /* Project object */;
			proxyType = 1;
			remoteGlobalIDString = CA46BFFF1FAE3AE100AF4D4F;
			remoteInfo = LectureBuddy;
		};
		CA46C0201FAE3AE100AF4D4F /* PBXContainerItemProxy */ = {
			isa = PBXContainerItemProxy;
			containerPortal = CA46BFF81FAE3AE100AF4D4F /* Project object */;
			proxyType = 1;
			remoteGlobalIDString = CA46BFFF1FAE3AE100AF4D4F;
			remoteInfo = LectureBuddy;
		};
/* End PBXContainerItemProxy section */

/* Begin PBXFileReference section */
		079C2D05E45C5D9C003C9C9C /* Pods_LectureBuddy.framework */ = {isa = PBXFileReference; explicitFileType = wrapper.framework; includeInIndex = 0; path = Pods_LectureBuddy.framework; sourceTree = BUILT_PRODUCTS_DIR; };
		3D821761BCFF6C506422953F /* Pods-LectureBuddy.release.xcconfig */ = {isa = PBXFileReference; includeInIndex = 1; lastKnownFileType = text.xcconfig; name = "Pods-LectureBuddy.release.xcconfig"; path = "Pods/Target Support Files/Pods-LectureBuddy/Pods-LectureBuddy.release.xcconfig"; sourceTree = "<group>"; };
		6D2B955654D046E2EBAE9F43 /* Pods_LectureBuddyUITests.framework */ = {isa = PBXFileReference; explicitFileType = wrapper.framework; includeInIndex = 0; path = Pods_LectureBuddyUITests.framework; sourceTree = BUILT_PRODUCTS_DIR; };
		9B26A1B8D5644123B1D71854 /* Pods-LectureBuddyUITests.release.xcconfig */ = {isa = PBXFileReference; includeInIndex = 1; lastKnownFileType = text.xcconfig; name = "Pods-LectureBuddyUITests.release.xcconfig"; path = "Pods/Target Support Files/Pods-LectureBuddyUITests/Pods-LectureBuddyUITests.release.xcconfig"; sourceTree = "<group>"; };
		CA000BAF2001957300ABF3B6 /* AudioWaveView.swift */ = {isa = PBXFileReference; lastKnownFileType = sourcecode.swift; path = AudioWaveView.swift; sourceTree = "<group>"; };
		CA265E552005218C00BC5159 /* ViewControllerExtension.swift */ = {isa = PBXFileReference; lastKnownFileType = sourcecode.swift; path = ViewControllerExtension.swift; sourceTree = "<group>"; };
		CA265E5720052F7D00BC5159 /* ScrollViewExtension.swift */ = {isa = PBXFileReference; lastKnownFileType = sourcecode.swift; path = ScrollViewExtension.swift; sourceTree = "<group>"; };
		CA265E59200575CA00BC5159 /* GradientView.swift */ = {isa = PBXFileReference; lastKnownFileType = sourcecode.swift; path = GradientView.swift; sourceTree = "<group>"; };
		CA265E5B200586A400BC5159 /* SaveRecordingPopupView.swift */ = {isa = PBXFileReference; fileEncoding = 4; lastKnownFileType = sourcecode.swift; path = SaveRecordingPopupView.swift; sourceTree = "<group>"; };
		CA265E5C200586A400BC5159 /* SaveRecordingPopupView.xib */ = {isa = PBXFileReference; fileEncoding = 4; lastKnownFileType = file.xib; path = SaveRecordingPopupView.xib; sourceTree = "<group>"; };
		CA265E5F200586B600BC5159 /* AddSubjectPopupView.xib */ = {isa = PBXFileReference; fileEncoding = 4; lastKnownFileType = file.xib; path = AddSubjectPopupView.xib; sourceTree = "<group>"; };
		CA3150631FAE4BCE009A90EF /* LectureBuddy.entitlements */ = {isa = PBXFileReference; lastKnownFileType = text.plist.entitlements; path = LectureBuddy.entitlements; sourceTree = "<group>"; };
		CA3150641FAE4EA9009A90EF /* SignupViewController.swift */ = {isa = PBXFileReference; lastKnownFileType = sourcecode.swift; path = SignupViewController.swift; sourceTree = "<group>"; };
		CA46C0001FAE3AE100AF4D4F /* LectureBuddy.app */ = {isa = PBXFileReference; explicitFileType = wrapper.application; includeInIndex = 0; path = LectureBuddy.app; sourceTree = BUILT_PRODUCTS_DIR; };
		CA46C0031FAE3AE100AF4D4F /* AppDelegate.swift */ = {isa = PBXFileReference; lastKnownFileType = sourcecode.swift; path = AppDelegate.swift; sourceTree = "<group>"; };
		CA46C0081FAE3AE100AF4D4F /* Base */ = {isa = PBXFileReference; lastKnownFileType = file.storyboard; name = Base; path = Base.lproj/Main.storyboard; sourceTree = "<group>"; };
		CA46C00A1FAE3AE100AF4D4F /* Assets.xcassets */ = {isa = PBXFileReference; lastKnownFileType = folder.assetcatalog; path = Assets.xcassets; sourceTree = "<group>"; };
		CA46C00D1FAE3AE100AF4D4F /* Base */ = {isa = PBXFileReference; lastKnownFileType = file.storyboard; name = Base; path = Base.lproj/LaunchScreen.storyboard; sourceTree = "<group>"; };
		CA46C00F1FAE3AE100AF4D4F /* Info.plist */ = {isa = PBXFileReference; lastKnownFileType = text.plist.xml; path = Info.plist; sourceTree = "<group>"; };
		CA46C0141FAE3AE100AF4D4F /* LectureBuddyTests.xctest */ = {isa = PBXFileReference; explicitFileType = wrapper.cfbundle; includeInIndex = 0; path = LectureBuddyTests.xctest; sourceTree = BUILT_PRODUCTS_DIR; };
		CA46C0181FAE3AE100AF4D4F /* LectureBuddyTests.swift */ = {isa = PBXFileReference; lastKnownFileType = sourcecode.swift; path = LectureBuddyTests.swift; sourceTree = "<group>"; };
		CA46C01A1FAE3AE100AF4D4F /* Info.plist */ = {isa = PBXFileReference; lastKnownFileType = text.plist.xml; path = Info.plist; sourceTree = "<group>"; };
		CA46C01F1FAE3AE100AF4D4F /* LectureBuddyUITests.xctest */ = {isa = PBXFileReference; explicitFileType = wrapper.cfbundle; includeInIndex = 0; path = LectureBuddyUITests.xctest; sourceTree = BUILT_PRODUCTS_DIR; };
		CA46C0231FAE3AE100AF4D4F /* LectureBuddyUITests.swift */ = {isa = PBXFileReference; lastKnownFileType = sourcecode.swift; path = LectureBuddyUITests.swift; sourceTree = "<group>"; };
		CA46C0251FAE3AE100AF4D4F /* Info.plist */ = {isa = PBXFileReference; lastKnownFileType = text.plist.xml; path = Info.plist; sourceTree = "<group>"; };
		CA47D5A0201BE74E006A5625 /* NoSubjectsViewController.swift */ = {isa = PBXFileReference; lastKnownFileType = sourcecode.swift; path = NoSubjectsViewController.swift; sourceTree = "<group>"; };
		CA4E79591FAFDEB900EE7532 /* PushKit.framework */ = {isa = PBXFileReference; lastKnownFileType = wrapper.framework; name = PushKit.framework; path = System/Library/Frameworks/PushKit.framework; sourceTree = SDKROOT; };
		CA5AA4B11FAF9DC300E0A308 /* DataManager.swift */ = {isa = PBXFileReference; lastKnownFileType = sourcecode.swift; path = DataManager.swift; sourceTree = "<group>"; };
		CA6248501FAE6C2A005F5A16 /* ViewExtension.swift */ = {isa = PBXFileReference; lastKnownFileType = sourcecode.swift; path = ViewExtension.swift; sourceTree = "<group>"; };
		CA66BAAF1FAE4A9200657368 /* GoogleService-Info.plist */ = {isa = PBXFileReference; fileEncoding = 4; lastKnownFileType = text.plist.xml; path = "GoogleService-Info.plist"; sourceTree = "<group>"; };
		CA76AF281FB8C37C006E39AC /* KeywordsPopupView.swift */ = {isa = PBXFileReference; lastKnownFileType = sourcecode.swift; path = KeywordsPopupView.swift; sourceTree = "<group>"; };
		CA76AF2A1FB8C38A006E39AC /* KeywordsPopupView.xib */ = {isa = PBXFileReference; lastKnownFileType = file.xib; path = KeywordsPopupView.xib; sourceTree = "<group>"; };
		CA76AF2C1FB8CBA0006E39AC /* KeywordTableViewCell.swift */ = {isa = PBXFileReference; lastKnownFileType = sourcecode.swift; path = KeywordTableViewCell.swift; sourceTree = "<group>"; };
		CA76AF2D1FB8CBA0006E39AC /* KeywordTableViewCell.xib */ = {isa = PBXFileReference; lastKnownFileType = file.xib; path = KeywordTableViewCell.xib; sourceTree = "<group>"; };
		CA76AF301FB8E7AD006E39AC /* AddKeywordTableViewCell.swift */ = {isa = PBXFileReference; lastKnownFileType = sourcecode.swift; path = AddKeywordTableViewCell.swift; sourceTree = "<group>"; };
		CA76AF311FB8E7AD006E39AC /* AddKeywordTableViewCell.xib */ = {isa = PBXFileReference; lastKnownFileType = file.xib; path = AddKeywordTableViewCell.xib; sourceTree = "<group>"; };
		CA7C9E292001744D003786C9 /* WaveformView.swift */ = {isa = PBXFileReference; fileEncoding = 4; lastKnownFileType = sourcecode.swift; path = WaveformView.swift; sourceTree = "<group>"; };
		CA89B8391FAEA76D001BD9EA /* AddSubjectPopupView.swift */ = {isa = PBXFileReference; lastKnownFileType = sourcecode.swift; path = AddSubjectPopupView.swift; sourceTree = "<group>"; };
		CA96F0231FE5D97000758716 /* RecordingViewController.swift */ = {isa = PBXFileReference; lastKnownFileType = sourcecode.swift; path = RecordingViewController.swift; sourceTree = "<group>"; };
		CA98F910201BD5EC00473697 /* SettingsViewController.swift */ = {isa = PBXFileReference; lastKnownFileType = sourcecode.swift; path = SettingsViewController.swift; sourceTree = "<group>"; };
		CA98F913201BDAEE00473697 /* SettingsSubjectTableViewCell.swift */ = {isa = PBXFileReference; lastKnownFileType = sourcecode.swift; path = SettingsSubjectTableViewCell.swift; sourceTree = "<group>"; };
		CA9F13141FB5692100DAE153 /* PopupContentView.swift */ = {isa = PBXFileReference; lastKnownFileType = sourcecode.swift; path = PopupContentView.swift; sourceTree = "<group>"; };
		CAA2751920154E01008469D0 /* Subject.swift */ = {isa = PBXFileReference; lastKnownFileType = sourcecode.swift; path = Subject.swift; sourceTree = "<group>"; };
		CAA2751C201552D4008469D0 /* Recording.swift */ = {isa = PBXFileReference; lastKnownFileType = sourcecode.swift; path = Recording.swift; sourceTree = "<group>"; };
		CAA58E93200160C800555696 /* RestartingRecognitionView.swift */ = {isa = PBXFileReference; lastKnownFileType = sourcecode.swift; path = RestartingRecognitionView.swift; sourceTree = "<group>"; };
		CAAFDF4D1FEDC636004EE702 /* HomePageViewController.swift */ = {isa = PBXFileReference; lastKnownFileType = sourcecode.swift; path = HomePageViewController.swift; sourceTree = "<group>"; };
		CAAFDF4F1FEDC99B004EE702 /* RecordingsTableViewController.swift */ = {isa = PBXFileReference; lastKnownFileType = sourcecode.swift; path = RecordingsTableViewController.swift; sourceTree = "<group>"; };
		CAAFDF511FEDD1FC004EE702 /* ColorManager.swift */ = {isa = PBXFileReference; lastKnownFileType = sourcecode.swift; path = ColorManager.swift; sourceTree = "<group>"; };
		CAAFDF541FEDD7CC004EE702 /* NavigationBarExtension.swift */ = {isa = PBXFileReference; lastKnownFileType = sourcecode.swift; path = NavigationBarExtension.swift; sourceTree = "<group>"; };
		CAAFDF561FEDDA92004EE702 /* RecordingTableViewCell.swift */ = {isa = PBXFileReference; lastKnownFileType = sourcecode.swift; path = RecordingTableViewCell.swift; sourceTree = "<group>"; };
		CAC3AB1120002B3400C23553 /* SpeechRecogitionManager.swift */ = {isa = PBXFileReference; lastKnownFileType = sourcecode.swift; path = SpeechRecogitionManager.swift; sourceTree = "<group>"; };
		CAE84D7B1FB55AAC002C8F29 /* PopupTemplateViewController.swift */ = {isa = PBXFileReference; lastKnownFileType = sourcecode.swift; path = PopupTemplateViewController.swift; sourceTree = "<group>"; };
		D04C9663DF04F7EC2A2254E5 /* Pods_LectureBuddyTests.framework */ = {isa = PBXFileReference; explicitFileType = wrapper.framework; includeInIndex = 0; path = Pods_LectureBuddyTests.framework; sourceTree = BUILT_PRODUCTS_DIR; };
		EA67A444FAE6EBE592477E01 /* Pods-LectureBuddyTests.release.xcconfig */ = {isa = PBXFileReference; includeInIndex = 1; lastKnownFileType = text.xcconfig; name = "Pods-LectureBuddyTests.release.xcconfig"; path = "Pods/Target Support Files/Pods-LectureBuddyTests/Pods-LectureBuddyTests.release.xcconfig"; sourceTree = "<group>"; };
		EB083320423AEDE1B5B3AE79 /* Pods-LectureBuddyTests.debug.xcconfig */ = {isa = PBXFileReference; includeInIndex = 1; lastKnownFileType = text.xcconfig; name = "Pods-LectureBuddyTests.debug.xcconfig"; path = "Pods/Target Support Files/Pods-LectureBuddyTests/Pods-LectureBuddyTests.debug.xcconfig"; sourceTree = "<group>"; };
		EB8340ADD16CED3AC9BDC5B1 /* Pods-LectureBuddyUITests.debug.xcconfig */ = {isa = PBXFileReference; includeInIndex = 1; lastKnownFileType = text.xcconfig; name = "Pods-LectureBuddyUITests.debug.xcconfig"; path = "Pods/Target Support Files/Pods-LectureBuddyUITests/Pods-LectureBuddyUITests.debug.xcconfig"; sourceTree = "<group>"; };
		EC0C9EB22183645C235EB9D6 /* Pods-LectureBuddy.debug.xcconfig */ = {isa = PBXFileReference; includeInIndex = 1; lastKnownFileType = text.xcconfig; name = "Pods-LectureBuddy.debug.xcconfig"; path = "Pods/Target Support Files/Pods-LectureBuddy/Pods-LectureBuddy.debug.xcconfig"; sourceTree = "<group>"; };
/* End PBXFileReference section */

/* Begin PBXFrameworksBuildPhase section */
		CA46BFFD1FAE3AE100AF4D4F /* Frameworks */ = {
			isa = PBXFrameworksBuildPhase;
			buildActionMask = 2147483647;
			files = (
				CA4E795A1FAFDEB900EE7532 /* PushKit.framework in Frameworks */,
				07BC145D186B8CB3D8480D73 /* Pods_LectureBuddy.framework in Frameworks */,
			);
			runOnlyForDeploymentPostprocessing = 0;
		};
		CA46C0111FAE3AE100AF4D4F /* Frameworks */ = {
			isa = PBXFrameworksBuildPhase;
			buildActionMask = 2147483647;
			files = (
				D14A01ABA2421D63C173EBD1 /* Pods_LectureBuddyTests.framework in Frameworks */,
			);
			runOnlyForDeploymentPostprocessing = 0;
		};
		CA46C01C1FAE3AE100AF4D4F /* Frameworks */ = {
			isa = PBXFrameworksBuildPhase;
			buildActionMask = 2147483647;
			files = (
				74FA1658F18922B82703CB0E /* Pods_LectureBuddyUITests.framework in Frameworks */,
			);
			runOnlyForDeploymentPostprocessing = 0;
		};
/* End PBXFrameworksBuildPhase section */

/* Begin PBXGroup section */
		596FE7881B917DB791A33142 /* Frameworks */ = {
			isa = PBXGroup;
			children = (
				CA4E79591FAFDEB900EE7532 /* PushKit.framework */,
				079C2D05E45C5D9C003C9C9C /* Pods_LectureBuddy.framework */,
				D04C9663DF04F7EC2A2254E5 /* Pods_LectureBuddyTests.framework */,
				6D2B955654D046E2EBAE9F43 /* Pods_LectureBuddyUITests.framework */,
			);
			name = Frameworks;
			sourceTree = "<group>";
		};
		647433D5D3B70B83C3026276 /* Pods */ = {
			isa = PBXGroup;
			children = (
				EC0C9EB22183645C235EB9D6 /* Pods-LectureBuddy.debug.xcconfig */,
				3D821761BCFF6C506422953F /* Pods-LectureBuddy.release.xcconfig */,
				EB083320423AEDE1B5B3AE79 /* Pods-LectureBuddyTests.debug.xcconfig */,
				EA67A444FAE6EBE592477E01 /* Pods-LectureBuddyTests.release.xcconfig */,
				EB8340ADD16CED3AC9BDC5B1 /* Pods-LectureBuddyUITests.debug.xcconfig */,
				9B26A1B8D5644123B1D71854 /* Pods-LectureBuddyUITests.release.xcconfig */,
			);
			name = Pods;
			sourceTree = "<group>";
		};
		CA46BFF71FAE3AE100AF4D4F = {
			isa = PBXGroup;
			children = (
				CA46C0021FAE3AE100AF4D4F /* LectureBuddy */,
				CA46C0171FAE3AE100AF4D4F /* LectureBuddyTests */,
				CA46C0221FAE3AE100AF4D4F /* LectureBuddyUITests */,
				CA46C0011FAE3AE100AF4D4F /* Products */,
				596FE7881B917DB791A33142 /* Frameworks */,
				647433D5D3B70B83C3026276 /* Pods */,
			);
			sourceTree = "<group>";
		};
		CA46C0011FAE3AE100AF4D4F /* Products */ = {
			isa = PBXGroup;
			children = (
				CA46C0001FAE3AE100AF4D4F /* LectureBuddy.app */,
				CA46C0141FAE3AE100AF4D4F /* LectureBuddyTests.xctest */,
				CA46C01F1FAE3AE100AF4D4F /* LectureBuddyUITests.xctest */,
			);
			name = Products;
			sourceTree = "<group>";
		};
		CA46C0021FAE3AE100AF4D4F /* LectureBuddy */ = {
			isa = PBXGroup;
			children = (
				CA3150631FAE4BCE009A90EF /* LectureBuddy.entitlements */,
				CA46C0031FAE3AE100AF4D4F /* AppDelegate.swift */,
				CA5AA4B11FAF9DC300E0A308 /* DataManager.swift */,
				CAAFDF511FEDD1FC004EE702 /* ColorManager.swift */,
				CA3150641FAE4EA9009A90EF /* SignupViewController.swift */,
				CA47D5A0201BE74E006A5625 /* NoSubjectsViewController.swift */,
				CA98F912201BDACC00473697 /* Home Page */,
				CA98F915201BDAF300473697 /* Settings Page */,
				CAA58E95200160D000555696 /* Recording Page */,
				CA5AA4B01FAF8D7900E0A308 /* Popups */,
				CAA2751B20154E29008469D0 /* Models */,
				CA46C0071FAE3AE100AF4D4F /* Main.storyboard */,
				CA46C00A1FAE3AE100AF4D4F /* Assets.xcassets */,
				CA46C00C1FAE3AE100AF4D4F /* LaunchScreen.storyboard */,
				CAAFDF531FEDD7AB004EE702 /* Extensions */,
				CA46C00F1FAE3AE100AF4D4F /* Info.plist */,
				CA66BAAF1FAE4A9200657368 /* GoogleService-Info.plist */,
			);
			path = LectureBuddy;
			sourceTree = "<group>";
		};
		CA46C0171FAE3AE100AF4D4F /* LectureBuddyTests */ = {
			isa = PBXGroup;
			children = (
				CA46C0181FAE3AE100AF4D4F /* LectureBuddyTests.swift */,
				CA46C01A1FAE3AE100AF4D4F /* Info.plist */,
			);
			path = LectureBuddyTests;
			sourceTree = "<group>";
		};
		CA46C0221FAE3AE100AF4D4F /* LectureBuddyUITests */ = {
			isa = PBXGroup;
			children = (
				CA46C0231FAE3AE100AF4D4F /* LectureBuddyUITests.swift */,
				CA46C0251FAE3AE100AF4D4F /* Info.plist */,
			);
			path = LectureBuddyUITests;
			sourceTree = "<group>";
		};
		CA5AA4B01FAF8D7900E0A308 /* Popups */ = {
			isa = PBXGroup;
			children = (
				CAE84D7B1FB55AAC002C8F29 /* PopupTemplateViewController.swift */,
				CA9F13141FB5692100DAE153 /* PopupContentView.swift */,
				CA265E5F200586B600BC5159 /* AddSubjectPopupView.xib */,
				CA89B8391FAEA76D001BD9EA /* AddSubjectPopupView.swift */,
				CA265E5C200586A400BC5159 /* SaveRecordingPopupView.xib */,
				CA265E5B200586A400BC5159 /* SaveRecordingPopupView.swift */,
				CAF2005A1FBA93BF00413BC4 /* Keywords Popup */,
			);
			path = Popups;
			sourceTree = "<group>";
		};
		CA7C9E28200173FF003786C9 /* Audio Wave Files */ = {
			isa = PBXGroup;
			children = (
				CA000BAF2001957300ABF3B6 /* AudioWaveView.swift */,
				CA7C9E292001744D003786C9 /* WaveformView.swift */,
			);
			path = "Audio Wave Files";
			sourceTree = "<group>";
		};
		CA98F912201BDACC00473697 /* Home Page */ = {
			isa = PBXGroup;
			children = (
				CAAFDF4D1FEDC636004EE702 /* HomePageViewController.swift */,
				CAAFDF4F1FEDC99B004EE702 /* RecordingsTableViewController.swift */,
				CAAFDF561FEDDA92004EE702 /* RecordingTableViewCell.swift */,
			);
			path = "Home Page";
			sourceTree = "<group>";
		};
		CA98F915201BDAF300473697 /* Settings Page */ = {
			isa = PBXGroup;
			children = (
				CA98F910201BD5EC00473697 /* SettingsViewController.swift */,
				CA98F913201BDAEE00473697 /* SettingsSubjectTableViewCell.swift */,
			);
			path = "Settings Page";
			sourceTree = "<group>";
		};
		CAA2751B20154E29008469D0 /* Models */ = {
			isa = PBXGroup;
			children = (
				CAA2751920154E01008469D0 /* Subject.swift */,
				CAA2751C201552D4008469D0 /* Recording.swift */,
			);
			path = Models;
			sourceTree = "<group>";
		};
		CAA58E95200160D000555696 /* Recording Page */ = {
			isa = PBXGroup;
			children = (
				CAC3AB1120002B3400C23553 /* SpeechRecogitionManager.swift */,
				CA96F0231FE5D97000758716 /* RecordingViewController.swift */,
				CAA58E93200160C800555696 /* RestartingRecognitionView.swift */,
				CA265E59200575CA00BC5159 /* GradientView.swift */,
				CA7C9E28200173FF003786C9 /* Audio Wave Files */,
			);
			path = "Recording Page";
			sourceTree = "<group>";
		};
		CAAFDF531FEDD7AB004EE702 /* Extensions */ = {
			isa = PBXGroup;
			children = (
				CAAFDF541FEDD7CC004EE702 /* NavigationBarExtension.swift */,
				CA265E552005218C00BC5159 /* ViewControllerExtension.swift */,
				CA6248501FAE6C2A005F5A16 /* ViewExtension.swift */,
				CA265E5720052F7D00BC5159 /* ScrollViewExtension.swift */,
			);
			path = Extensions;
			sourceTree = "<group>";
		};
		CAF2005A1FBA93BF00413BC4 /* Keywords Popup */ = {
			isa = PBXGroup;
			children = (
				CA76AF2A1FB8C38A006E39AC /* KeywordsPopupView.xib */,
				CA76AF281FB8C37C006E39AC /* KeywordsPopupView.swift */,
				CA76AF2D1FB8CBA0006E39AC /* KeywordTableViewCell.xib */,
				CA76AF2C1FB8CBA0006E39AC /* KeywordTableViewCell.swift */,
				CA76AF311FB8E7AD006E39AC /* AddKeywordTableViewCell.xib */,
				CA76AF301FB8E7AD006E39AC /* AddKeywordTableViewCell.swift */,
			);
			path = "Keywords Popup";
			sourceTree = "<group>";
		};
/* End PBXGroup section */

/* Begin PBXNativeTarget section */
		CA46BFFF1FAE3AE100AF4D4F /* LectureBuddy */ = {
			isa = PBXNativeTarget;
			buildConfigurationList = CA46C0281FAE3AE100AF4D4F /* Build configuration list for PBXNativeTarget "LectureBuddy" */;
			buildPhases = (
				5C7094EC40A434E936C9EA70 /* [CP] Check Pods Manifest.lock */,
				CA46BFFC1FAE3AE100AF4D4F /* Sources */,
				CA46BFFD1FAE3AE100AF4D4F /* Frameworks */,
				CA46BFFE1FAE3AE100AF4D4F /* Resources */,
				60DDD31A1525F0D73718D631 /* [CP] Embed Pods Frameworks */,
				41AB87653699B98453625233 /* [CP] Copy Pods Resources */,
			);
			buildRules = (
			);
			dependencies = (
			);
			name = LectureBuddy;
			productName = LectureBuddy;
			productReference = CA46C0001FAE3AE100AF4D4F /* LectureBuddy.app */;
			productType = "com.apple.product-type.application";
		};
		CA46C0131FAE3AE100AF4D4F /* LectureBuddyTests */ = {
			isa = PBXNativeTarget;
			buildConfigurationList = CA46C02B1FAE3AE100AF4D4F /* Build configuration list for PBXNativeTarget "LectureBuddyTests" */;
			buildPhases = (
				6DBBA8B33B76B1423ED95E75 /* [CP] Check Pods Manifest.lock */,
				CA46C0101FAE3AE100AF4D4F /* Sources */,
				CA46C0111FAE3AE100AF4D4F /* Frameworks */,
				CA46C0121FAE3AE100AF4D4F /* Resources */,
				5D70DD0B6A5DC78477BDA8B3 /* [CP] Embed Pods Frameworks */,
				C01D97E9DD8D12D55AD36949 /* [CP] Copy Pods Resources */,
			);
			buildRules = (
			);
			dependencies = (
				CA46C0161FAE3AE100AF4D4F /* PBXTargetDependency */,
			);
			name = LectureBuddyTests;
			productName = LectureBuddyTests;
			productReference = CA46C0141FAE3AE100AF4D4F /* LectureBuddyTests.xctest */;
			productType = "com.apple.product-type.bundle.unit-test";
		};
		CA46C01E1FAE3AE100AF4D4F /* LectureBuddyUITests */ = {
			isa = PBXNativeTarget;
			buildConfigurationList = CA46C02E1FAE3AE100AF4D4F /* Build configuration list for PBXNativeTarget "LectureBuddyUITests" */;
			buildPhases = (
				358C35156E1BE8C8C689A8C7 /* [CP] Check Pods Manifest.lock */,
				CA46C01B1FAE3AE100AF4D4F /* Sources */,
				CA46C01C1FAE3AE100AF4D4F /* Frameworks */,
				CA46C01D1FAE3AE100AF4D4F /* Resources */,
				621DF9E83C02533DCE84B443 /* [CP] Embed Pods Frameworks */,
				1FF401A16B02AD099809B9A0 /* [CP] Copy Pods Resources */,
			);
			buildRules = (
			);
			dependencies = (
				CA46C0211FAE3AE100AF4D4F /* PBXTargetDependency */,
			);
			name = LectureBuddyUITests;
			productName = LectureBuddyUITests;
			productReference = CA46C01F1FAE3AE100AF4D4F /* LectureBuddyUITests.xctest */;
			productType = "com.apple.product-type.bundle.ui-testing";
		};
/* End PBXNativeTarget section */

/* Begin PBXProject section */
		CA46BFF81FAE3AE100AF4D4F /* Project object */ = {
			isa = PBXProject;
			attributes = {
				LastSwiftUpdateCheck = 0900;
				LastUpgradeCheck = 0900;
				ORGANIZATIONNAME = "Arthur De Araujo";
				TargetAttributes = {
					CA46BFFF1FAE3AE100AF4D4F = {
						CreatedOnToolsVersion = 9.0.1;
						ProvisioningStyle = Automatic;
						SystemCapabilities = {
							com.apple.BackgroundModes = {
								enabled = 1;
							};
							com.apple.Push = {
								enabled = 1;
							};
						};
					};
					CA46C0131FAE3AE100AF4D4F = {
						CreatedOnToolsVersion = 9.0.1;
						ProvisioningStyle = Automatic;
						TestTargetID = CA46BFFF1FAE3AE100AF4D4F;
					};
					CA46C01E1FAE3AE100AF4D4F = {
						CreatedOnToolsVersion = 9.0.1;
						ProvisioningStyle = Automatic;
						TestTargetID = CA46BFFF1FAE3AE100AF4D4F;
					};
				};
			};
			buildConfigurationList = CA46BFFB1FAE3AE100AF4D4F /* Build configuration list for PBXProject "LectureBuddy" */;
			compatibilityVersion = "Xcode 8.0";
			developmentRegion = en;
			hasScannedForEncodings = 0;
			knownRegions = (
				en,
				Base,
			);
			mainGroup = CA46BFF71FAE3AE100AF4D4F;
			productRefGroup = CA46C0011FAE3AE100AF4D4F /* Products */;
			projectDirPath = "";
			projectRoot = "";
			targets = (
				CA46BFFF1FAE3AE100AF4D4F /* LectureBuddy */,
				CA46C0131FAE3AE100AF4D4F /* LectureBuddyTests */,
				CA46C01E1FAE3AE100AF4D4F /* LectureBuddyUITests */,
			);
		};
/* End PBXProject section */

/* Begin PBXResourcesBuildPhase section */
		CA46BFFE1FAE3AE100AF4D4F /* Resources */ = {
			isa = PBXResourcesBuildPhase;
			buildActionMask = 2147483647;
			files = (
				CA46C00E1FAE3AE100AF4D4F /* LaunchScreen.storyboard in Resources */,
				CA76AF2F1FB8CBA0006E39AC /* KeywordTableViewCell.xib in Resources */,
				CA66BAB01FAE4A9200657368 /* GoogleService-Info.plist in Resources */,
				CA46C00B1FAE3AE100AF4D4F /* Assets.xcassets in Resources */,
				CA76AF2B1FB8C38A006E39AC /* KeywordsPopupView.xib in Resources */,
				CA46C0091FAE3AE100AF4D4F /* Main.storyboard in Resources */,
				CA265E5E200586A500BC5159 /* SaveRecordingPopupView.xib in Resources */,
				CA265E60200586B600BC5159 /* AddSubjectPopupView.xib in Resources */,
				CA76AF331FB8E7AD006E39AC /* AddKeywordTableViewCell.xib in Resources */,
			);
			runOnlyForDeploymentPostprocessing = 0;
		};
		CA46C0121FAE3AE100AF4D4F /* Resources */ = {
			isa = PBXResourcesBuildPhase;
			buildActionMask = 2147483647;
			files = (
			);
			runOnlyForDeploymentPostprocessing = 0;
		};
		CA46C01D1FAE3AE100AF4D4F /* Resources */ = {
			isa = PBXResourcesBuildPhase;
			buildActionMask = 2147483647;
			files = (
			);
			runOnlyForDeploymentPostprocessing = 0;
		};
/* End PBXResourcesBuildPhase section */

/* Begin PBXShellScriptBuildPhase section */
		1FF401A16B02AD099809B9A0 /* [CP] Copy Pods Resources */ = {
			isa = PBXShellScriptBuildPhase;
			buildActionMask = 2147483647;
			files = (
			);
			inputPaths = (
			);
			name = "[CP] Copy Pods Resources";
			outputPaths = (
			);
			runOnlyForDeploymentPostprocessing = 0;
			shellPath = /bin/sh;
			shellScript = "\"${SRCROOT}/Pods/Target Support Files/Pods-LectureBuddyUITests/Pods-LectureBuddyUITests-resources.sh\"\n";
			showEnvVarsInLog = 0;
		};
		358C35156E1BE8C8C689A8C7 /* [CP] Check Pods Manifest.lock */ = {
			isa = PBXShellScriptBuildPhase;
			buildActionMask = 2147483647;
			files = (
			);
			inputPaths = (
				"${PODS_PODFILE_DIR_PATH}/Podfile.lock",
				"${PODS_ROOT}/Manifest.lock",
			);
			name = "[CP] Check Pods Manifest.lock";
			outputPaths = (
				"$(DERIVED_FILE_DIR)/Pods-LectureBuddyUITests-checkManifestLockResult.txt",
			);
			runOnlyForDeploymentPostprocessing = 0;
			shellPath = /bin/sh;
			shellScript = "diff \"${PODS_PODFILE_DIR_PATH}/Podfile.lock\" \"${PODS_ROOT}/Manifest.lock\" > /dev/null\nif [ $? != 0 ] ; then\n    # print error to STDERR\n    echo \"error: The sandbox is not in sync with the Podfile.lock. Run 'pod install' or update your CocoaPods installation.\" >&2\n    exit 1\nfi\n# This output is used by Xcode 'outputs' to avoid re-running this script phase.\necho \"SUCCESS\" > \"${SCRIPT_OUTPUT_FILE_0}\"\n";
			showEnvVarsInLog = 0;
		};
		41AB87653699B98453625233 /* [CP] Copy Pods Resources */ = {
			isa = PBXShellScriptBuildPhase;
			buildActionMask = 2147483647;
			files = (
			);
			inputPaths = (
				"${SRCROOT}/Pods/Target Support Files/Pods-LectureBuddy/Pods-LectureBuddy-resources.sh",
				"${PODS_CONFIGURATION_BUILD_DIR}/FirebaseUI/FirebaseAuthUI.bundle",
				"${PODS_CONFIGURATION_BUILD_DIR}/FirebaseUI/FirebaseFacebookAuthUI.bundle",
				"${PODS_CONFIGURATION_BUILD_DIR}/FirebaseUI/FirebaseGoogleAuthUI.bundle",
				"${PODS_CONFIGURATION_BUILD_DIR}/FirebaseUI/FirebasePhoneAuthUI.bundle",
				"${PODS_CONFIGURATION_BUILD_DIR}/FirebaseUI/FirebaseTwitterAuthUI.bundle",
				"${PODS_ROOT}/GoogleSignIn/Resources/GoogleSignIn.bundle",
				"${PODS_ROOT}/TwitterKit/iOS/TwitterKit.framework/TwitterKitResources.bundle",
				"${PODS_ROOT}/TwitterKit/iOS/TwitterKit.framework/TwitterShareExtensionUIResources.bundle",
			);
			name = "[CP] Copy Pods Resources";
			outputPaths = (
				"${TARGET_BUILD_DIR}/${UNLOCALIZED_RESOURCES_FOLDER_PATH}/FirebaseAuthUI.bundle",
				"${TARGET_BUILD_DIR}/${UNLOCALIZED_RESOURCES_FOLDER_PATH}/FirebaseFacebookAuthUI.bundle",
				"${TARGET_BUILD_DIR}/${UNLOCALIZED_RESOURCES_FOLDER_PATH}/FirebaseGoogleAuthUI.bundle",
				"${TARGET_BUILD_DIR}/${UNLOCALIZED_RESOURCES_FOLDER_PATH}/FirebasePhoneAuthUI.bundle",
				"${TARGET_BUILD_DIR}/${UNLOCALIZED_RESOURCES_FOLDER_PATH}/FirebaseTwitterAuthUI.bundle",
				"${TARGET_BUILD_DIR}/${UNLOCALIZED_RESOURCES_FOLDER_PATH}/GoogleSignIn.bundle",
				"${TARGET_BUILD_DIR}/${UNLOCALIZED_RESOURCES_FOLDER_PATH}/TwitterKitResources.bundle",
				"${TARGET_BUILD_DIR}/${UNLOCALIZED_RESOURCES_FOLDER_PATH}/TwitterShareExtensionUIResources.bundle",
			);
			runOnlyForDeploymentPostprocessing = 0;
			shellPath = /bin/sh;
			shellScript = "\"${SRCROOT}/Pods/Target Support Files/Pods-LectureBuddy/Pods-LectureBuddy-resources.sh\"\n";
			showEnvVarsInLog = 0;
		};
		5C7094EC40A434E936C9EA70 /* [CP] Check Pods Manifest.lock */ = {
			isa = PBXShellScriptBuildPhase;
			buildActionMask = 2147483647;
			files = (
			);
			inputPaths = (
				"${PODS_PODFILE_DIR_PATH}/Podfile.lock",
				"${PODS_ROOT}/Manifest.lock",
			);
			name = "[CP] Check Pods Manifest.lock";
			outputPaths = (
				"$(DERIVED_FILE_DIR)/Pods-LectureBuddy-checkManifestLockResult.txt",
			);
			runOnlyForDeploymentPostprocessing = 0;
			shellPath = /bin/sh;
			shellScript = "diff \"${PODS_PODFILE_DIR_PATH}/Podfile.lock\" \"${PODS_ROOT}/Manifest.lock\" > /dev/null\nif [ $? != 0 ] ; then\n    # print error to STDERR\n    echo \"error: The sandbox is not in sync with the Podfile.lock. Run 'pod install' or update your CocoaPods installation.\" >&2\n    exit 1\nfi\n# This output is used by Xcode 'outputs' to avoid re-running this script phase.\necho \"SUCCESS\" > \"${SCRIPT_OUTPUT_FILE_0}\"\n";
			showEnvVarsInLog = 0;
		};
		5D70DD0B6A5DC78477BDA8B3 /* [CP] Embed Pods Frameworks */ = {
			isa = PBXShellScriptBuildPhase;
			buildActionMask = 2147483647;
			files = (
			);
			inputPaths = (
			);
			name = "[CP] Embed Pods Frameworks";
			outputPaths = (
			);
			runOnlyForDeploymentPostprocessing = 0;
			shellPath = /bin/sh;
			shellScript = "\"${SRCROOT}/Pods/Target Support Files/Pods-LectureBuddyTests/Pods-LectureBuddyTests-frameworks.sh\"\n";
			showEnvVarsInLog = 0;
		};
		60DDD31A1525F0D73718D631 /* [CP] Embed Pods Frameworks */ = {
			isa = PBXShellScriptBuildPhase;
			buildActionMask = 2147483647;
			files = (
			);
			inputPaths = (
				"${SRCROOT}/Pods/Target Support Files/Pods-LectureBuddy/Pods-LectureBuddy-frameworks.sh",
				"${BUILT_PRODUCTS_DIR}/Bolts/Bolts.framework",
				"${BUILT_PRODUCTS_DIR}/BoringSSL/openssl.framework",
				"${BUILT_PRODUCTS_DIR}/FBSDKCoreKit/FBSDKCoreKit.framework",
				"${BUILT_PRODUCTS_DIR}/FBSDKLoginKit/FBSDKLoginKit.framework",
				"${BUILT_PRODUCTS_DIR}/FBSDKShareKit/FBSDKShareKit.framework",
				"${BUILT_PRODUCTS_DIR}/FacebookCore/FacebookCore.framework",
				"${BUILT_PRODUCTS_DIR}/FacebookLogin/FacebookLogin.framework",
				"${BUILT_PRODUCTS_DIR}/FacebookShare/FacebookShare.framework",
				"${BUILT_PRODUCTS_DIR}/GTMOAuth2/GTMOAuth2.framework",
				"${BUILT_PRODUCTS_DIR}/GTMSessionFetcher/GTMSessionFetcher.framework",
				"${BUILT_PRODUCTS_DIR}/GoogleToolboxForMac/GoogleToolboxForMac.framework",
				"${BUILT_PRODUCTS_DIR}/NVActivityIndicatorView/NVActivityIndicatorView.framework",
				"${BUILT_PRODUCTS_DIR}/Pageboy/Pageboy.framework",
				"${BUILT_PRODUCTS_DIR}/Protobuf/Protobuf.framework",
				"${BUILT_PRODUCTS_DIR}/PureLayout/PureLayout.framework",
				"${BUILT_PRODUCTS_DIR}/SDWebImage/SDWebImage.framework",
				"${BUILT_PRODUCTS_DIR}/Spring/Spring.framework",
				"${BUILT_PRODUCTS_DIR}/SwiftRichString/SwiftRichString.framework",
				"${BUILT_PRODUCTS_DIR}/Tabman/Tabman.framework",
				"${BUILT_PRODUCTS_DIR}/ViewAnimator/ViewAnimator.framework",
				"${BUILT_PRODUCTS_DIR}/gRPC/GRPCClient.framework",
				"${BUILT_PRODUCTS_DIR}/gRPC-Core/grpc.framework",
				"${BUILT_PRODUCTS_DIR}/gRPC-ProtoRPC/ProtoRPC.framework",
				"${BUILT_PRODUCTS_DIR}/gRPC-RxLibrary/RxLibrary.framework",
				"${BUILT_PRODUCTS_DIR}/leveldb-library/leveldb.framework",
				"${BUILT_PRODUCTS_DIR}/nanopb/nanopb.framework",
			);
			name = "[CP] Embed Pods Frameworks";
			outputPaths = (
				"${TARGET_BUILD_DIR}/${FRAMEWORKS_FOLDER_PATH}/Bolts.framework",
				"${TARGET_BUILD_DIR}/${FRAMEWORKS_FOLDER_PATH}/openssl.framework",
				"${TARGET_BUILD_DIR}/${FRAMEWORKS_FOLDER_PATH}/FBSDKCoreKit.framework",
				"${TARGET_BUILD_DIR}/${FRAMEWORKS_FOLDER_PATH}/FBSDKLoginKit.framework",
				"${TARGET_BUILD_DIR}/${FRAMEWORKS_FOLDER_PATH}/FBSDKShareKit.framework",
				"${TARGET_BUILD_DIR}/${FRAMEWORKS_FOLDER_PATH}/FacebookCore.framework",
				"${TARGET_BUILD_DIR}/${FRAMEWORKS_FOLDER_PATH}/FacebookLogin.framework",
				"${TARGET_BUILD_DIR}/${FRAMEWORKS_FOLDER_PATH}/FacebookShare.framework",
				"${TARGET_BUILD_DIR}/${FRAMEWORKS_FOLDER_PATH}/GTMOAuth2.framework",
				"${TARGET_BUILD_DIR}/${FRAMEWORKS_FOLDER_PATH}/GTMSessionFetcher.framework",
				"${TARGET_BUILD_DIR}/${FRAMEWORKS_FOLDER_PATH}/GoogleToolboxForMac.framework",
				"${TARGET_BUILD_DIR}/${FRAMEWORKS_FOLDER_PATH}/NVActivityIndicatorView.framework",
				"${TARGET_BUILD_DIR}/${FRAMEWORKS_FOLDER_PATH}/Pageboy.framework",
				"${TARGET_BUILD_DIR}/${FRAMEWORKS_FOLDER_PATH}/Protobuf.framework",
				"${TARGET_BUILD_DIR}/${FRAMEWORKS_FOLDER_PATH}/PureLayout.framework",
				"${TARGET_BUILD_DIR}/${FRAMEWORKS_FOLDER_PATH}/SDWebImage.framework",
				"${TARGET_BUILD_DIR}/${FRAMEWORKS_FOLDER_PATH}/Spring.framework",
				"${TARGET_BUILD_DIR}/${FRAMEWORKS_FOLDER_PATH}/SwiftRichString.framework",
				"${TARGET_BUILD_DIR}/${FRAMEWORKS_FOLDER_PATH}/Tabman.framework",
				"${TARGET_BUILD_DIR}/${FRAMEWORKS_FOLDER_PATH}/ViewAnimator.framework",
				"${TARGET_BUILD_DIR}/${FRAMEWORKS_FOLDER_PATH}/GRPCClient.framework",
				"${TARGET_BUILD_DIR}/${FRAMEWORKS_FOLDER_PATH}/grpc.framework",
				"${TARGET_BUILD_DIR}/${FRAMEWORKS_FOLDER_PATH}/ProtoRPC.framework",
				"${TARGET_BUILD_DIR}/${FRAMEWORKS_FOLDER_PATH}/RxLibrary.framework",
				"${TARGET_BUILD_DIR}/${FRAMEWORKS_FOLDER_PATH}/leveldb.framework",
				"${TARGET_BUILD_DIR}/${FRAMEWORKS_FOLDER_PATH}/nanopb.framework",
			);
			runOnlyForDeploymentPostprocessing = 0;
			shellPath = /bin/sh;
			shellScript = "\"${SRCROOT}/Pods/Target Support Files/Pods-LectureBuddy/Pods-LectureBuddy-frameworks.sh\"\n";
			showEnvVarsInLog = 0;
		};
		621DF9E83C02533DCE84B443 /* [CP] Embed Pods Frameworks */ = {
			isa = PBXShellScriptBuildPhase;
			buildActionMask = 2147483647;
			files = (
			);
			inputPaths = (
			);
			name = "[CP] Embed Pods Frameworks";
			outputPaths = (
			);
			runOnlyForDeploymentPostprocessing = 0;
			shellPath = /bin/sh;
			shellScript = "\"${SRCROOT}/Pods/Target Support Files/Pods-LectureBuddyUITests/Pods-LectureBuddyUITests-frameworks.sh\"\n";
			showEnvVarsInLog = 0;
		};
		6DBBA8B33B76B1423ED95E75 /* [CP] Check Pods Manifest.lock */ = {
			isa = PBXShellScriptBuildPhase;
			buildActionMask = 2147483647;
			files = (
			);
			inputPaths = (
				"${PODS_PODFILE_DIR_PATH}/Podfile.lock",
				"${PODS_ROOT}/Manifest.lock",
			);
			name = "[CP] Check Pods Manifest.lock";
			outputPaths = (
				"$(DERIVED_FILE_DIR)/Pods-LectureBuddyTests-checkManifestLockResult.txt",
			);
			runOnlyForDeploymentPostprocessing = 0;
			shellPath = /bin/sh;
			shellScript = "diff \"${PODS_PODFILE_DIR_PATH}/Podfile.lock\" \"${PODS_ROOT}/Manifest.lock\" > /dev/null\nif [ $? != 0 ] ; then\n    # print error to STDERR\n    echo \"error: The sandbox is not in sync with the Podfile.lock. Run 'pod install' or update your CocoaPods installation.\" >&2\n    exit 1\nfi\n# This output is used by Xcode 'outputs' to avoid re-running this script phase.\necho \"SUCCESS\" > \"${SCRIPT_OUTPUT_FILE_0}\"\n";
			showEnvVarsInLog = 0;
		};
		C01D97E9DD8D12D55AD36949 /* [CP] Copy Pods Resources */ = {
			isa = PBXShellScriptBuildPhase;
			buildActionMask = 2147483647;
			files = (
			);
			inputPaths = (
			);
			name = "[CP] Copy Pods Resources";
			outputPaths = (
			);
			runOnlyForDeploymentPostprocessing = 0;
			shellPath = /bin/sh;
			shellScript = "\"${SRCROOT}/Pods/Target Support Files/Pods-LectureBuddyTests/Pods-LectureBuddyTests-resources.sh\"\n";
			showEnvVarsInLog = 0;
		};
/* End PBXShellScriptBuildPhase section */

/* Begin PBXSourcesBuildPhase section */
		CA46BFFC1FAE3AE100AF4D4F /* Sources */ = {
			isa = PBXSourcesBuildPhase;
			buildActionMask = 2147483647;
			files = (
				CAAFDF551FEDD7CC004EE702 /* NavigationBarExtension.swift in Sources */,
				CA98F911201BD5EC00473697 /* SettingsViewController.swift in Sources */,
				CA3150651FAE4EA9009A90EF /* SignupViewController.swift in Sources */,
				CA265E5820052F7D00BC5159 /* ScrollViewExtension.swift in Sources */,
				CAAFDF4E1FEDC636004EE702 /* HomePageViewController.swift in Sources */,
				CA96F0241FE5D97100758716 /* RecordingViewController.swift in Sources */,
				CA89B83A1FAEA76D001BD9EA /* AddSubjectPopupView.swift in Sources */,
				CAA2751D201552D4008469D0 /* Recording.swift in Sources */,
				CA76AF2E1FB8CBA0006E39AC /* KeywordTableViewCell.swift in Sources */,
				CA6248511FAE6C2A005F5A16 /* ViewExtension.swift in Sources */,
				CAA58E94200160C800555696 /* RestartingRecognitionView.swift in Sources */,
				CA000BB02001957300ABF3B6 /* AudioWaveView.swift in Sources */,
				CAC3AB1220002B3400C23553 /* SpeechRecogitionManager.swift in Sources */,
				CA47D5A1201BE74E006A5625 /* NoSubjectsViewController.swift in Sources */,
				CA98F914201BDAEE00473697 /* SettingsSubjectTableViewCell.swift in Sources */,
				CA5AA4B21FAF9DC400E0A308 /* DataManager.swift in Sources */,
				CA46C0041FAE3AE100AF4D4F /* AppDelegate.swift in Sources */,
				CAAFDF501FEDC99B004EE702 /* RecordingsTableViewController.swift in Sources */,
				CAAFDF521FEDD1FC004EE702 /* ColorManager.swift in Sources */,
				CA7C9E2A2001744D003786C9 /* WaveformView.swift in Sources */,
				CA265E562005218C00BC5159 /* ViewControllerExtension.swift in Sources */,
				CA265E5D200586A500BC5159 /* SaveRecordingPopupView.swift in Sources */,
				CAE84D7D1FB55AAC002C8F29 /* PopupTemplateViewController.swift in Sources */,
				CAAFDF571FEDDA92004EE702 /* RecordingTableViewCell.swift in Sources */,
				CA9F13151FB5692100DAE153 /* PopupContentView.swift in Sources */,
				CA76AF291FB8C37C006E39AC /* KeywordsPopupView.swift in Sources */,
				CA265E5A200575CA00BC5159 /* GradientView.swift in Sources */,
				CA76AF321FB8E7AD006E39AC /* AddKeywordTableViewCell.swift in Sources */,
				CAA2751A20154E01008469D0 /* Subject.swift in Sources */,
			);
			runOnlyForDeploymentPostprocessing = 0;
		};
		CA46C0101FAE3AE100AF4D4F /* Sources */ = {
			isa = PBXSourcesBuildPhase;
			buildActionMask = 2147483647;
			files = (
				CA46C0191FAE3AE100AF4D4F /* LectureBuddyTests.swift in Sources */,
			);
			runOnlyForDeploymentPostprocessing = 0;
		};
		CA46C01B1FAE3AE100AF4D4F /* Sources */ = {
			isa = PBXSourcesBuildPhase;
			buildActionMask = 2147483647;
			files = (
				CA46C0241FAE3AE100AF4D4F /* LectureBuddyUITests.swift in Sources */,
			);
			runOnlyForDeploymentPostprocessing = 0;
		};
/* End PBXSourcesBuildPhase section */

/* Begin PBXTargetDependency section */
		CA46C0161FAE3AE100AF4D4F /* PBXTargetDependency */ = {
			isa = PBXTargetDependency;
			target = CA46BFFF1FAE3AE100AF4D4F /* LectureBuddy */;
			targetProxy = CA46C0151FAE3AE100AF4D4F /* PBXContainerItemProxy */;
		};
		CA46C0211FAE3AE100AF4D4F /* PBXTargetDependency */ = {
			isa = PBXTargetDependency;
			target = CA46BFFF1FAE3AE100AF4D4F /* LectureBuddy */;
			targetProxy = CA46C0201FAE3AE100AF4D4F /* PBXContainerItemProxy */;
		};
/* End PBXTargetDependency section */

/* Begin PBXVariantGroup section */
		CA46C0071FAE3AE100AF4D4F /* Main.storyboard */ = {
			isa = PBXVariantGroup;
			children = (
				CA46C0081FAE3AE100AF4D4F /* Base */,
			);
			name = Main.storyboard;
			sourceTree = "<group>";
		};
		CA46C00C1FAE3AE100AF4D4F /* LaunchScreen.storyboard */ = {
			isa = PBXVariantGroup;
			children = (
				CA46C00D1FAE3AE100AF4D4F /* Base */,
			);
			name = LaunchScreen.storyboard;
			sourceTree = "<group>";
		};
/* End PBXVariantGroup section */

/* Begin XCBuildConfiguration section */
		CA46C0261FAE3AE100AF4D4F /* Debug */ = {
			isa = XCBuildConfiguration;
			buildSettings = {
				ALWAYS_SEARCH_USER_PATHS = NO;
				CLANG_ANALYZER_NONNULL = YES;
				CLANG_ANALYZER_NUMBER_OBJECT_CONVERSION = YES_AGGRESSIVE;
				CLANG_CXX_LANGUAGE_STANDARD = "gnu++14";
				CLANG_CXX_LIBRARY = "libc++";
				CLANG_ENABLE_MODULES = YES;
				CLANG_ENABLE_OBJC_ARC = YES;
				CLANG_WARN_BLOCK_CAPTURE_AUTORELEASING = YES;
				CLANG_WARN_BOOL_CONVERSION = YES;
				CLANG_WARN_COMMA = YES;
				CLANG_WARN_CONSTANT_CONVERSION = YES;
				CLANG_WARN_DIRECT_OBJC_ISA_USAGE = YES_ERROR;
				CLANG_WARN_DOCUMENTATION_COMMENTS = YES;
				CLANG_WARN_EMPTY_BODY = YES;
				CLANG_WARN_ENUM_CONVERSION = YES;
				CLANG_WARN_INFINITE_RECURSION = YES;
				CLANG_WARN_INT_CONVERSION = YES;
				CLANG_WARN_NON_LITERAL_NULL_CONVERSION = YES;
				CLANG_WARN_OBJC_LITERAL_CONVERSION = YES;
				CLANG_WARN_OBJC_ROOT_CLASS = YES_ERROR;
				CLANG_WARN_RANGE_LOOP_ANALYSIS = YES;
				CLANG_WARN_STRICT_PROTOTYPES = YES;
				CLANG_WARN_SUSPICIOUS_MOVE = YES;
				CLANG_WARN_UNGUARDED_AVAILABILITY = YES_AGGRESSIVE;
				CLANG_WARN_UNREACHABLE_CODE = YES;
				CLANG_WARN__DUPLICATE_METHOD_MATCH = YES;
				CODE_SIGN_IDENTITY = "iPhone Developer";
				COPY_PHASE_STRIP = NO;
				DEBUG_INFORMATION_FORMAT = "dwarf-with-dsym";
				ENABLE_STRICT_OBJC_MSGSEND = YES;
				ENABLE_TESTABILITY = YES;
				GCC_C_LANGUAGE_STANDARD = gnu11;
				GCC_DYNAMIC_NO_PIC = NO;
				GCC_NO_COMMON_BLOCKS = YES;
				GCC_OPTIMIZATION_LEVEL = 0;
				GCC_PREPROCESSOR_DEFINITIONS = (
					"DEBUG=1",
					"$(inherited)",
				);
				GCC_WARN_64_TO_32_BIT_CONVERSION = YES;
				GCC_WARN_ABOUT_RETURN_TYPE = YES_ERROR;
				GCC_WARN_UNDECLARED_SELECTOR = YES;
				GCC_WARN_UNINITIALIZED_AUTOS = YES_AGGRESSIVE;
				GCC_WARN_UNUSED_FUNCTION = YES;
				GCC_WARN_UNUSED_VARIABLE = YES;
				IPHONEOS_DEPLOYMENT_TARGET = 11.0;
				MTL_ENABLE_DEBUG_INFO = YES;
				ONLY_ACTIVE_ARCH = YES;
				SDKROOT = iphoneos;
				SWIFT_ACTIVE_COMPILATION_CONDITIONS = DEBUG;
				SWIFT_OPTIMIZATION_LEVEL = "-Onone";
			};
			name = Debug;
		};
		CA46C0271FAE3AE100AF4D4F /* Release */ = {
			isa = XCBuildConfiguration;
			buildSettings = {
				ALWAYS_SEARCH_USER_PATHS = NO;
				CLANG_ANALYZER_NONNULL = YES;
				CLANG_ANALYZER_NUMBER_OBJECT_CONVERSION = YES_AGGRESSIVE;
				CLANG_CXX_LANGUAGE_STANDARD = "gnu++14";
				CLANG_CXX_LIBRARY = "libc++";
				CLANG_ENABLE_MODULES = YES;
				CLANG_ENABLE_OBJC_ARC = YES;
				CLANG_WARN_BLOCK_CAPTURE_AUTORELEASING = YES;
				CLANG_WARN_BOOL_CONVERSION = YES;
				CLANG_WARN_COMMA = YES;
				CLANG_WARN_CONSTANT_CONVERSION = YES;
				CLANG_WARN_DIRECT_OBJC_ISA_USAGE = YES_ERROR;
				CLANG_WARN_DOCUMENTATION_COMMENTS = YES;
				CLANG_WARN_EMPTY_BODY = YES;
				CLANG_WARN_ENUM_CONVERSION = YES;
				CLANG_WARN_INFINITE_RECURSION = YES;
				CLANG_WARN_INT_CONVERSION = YES;
				CLANG_WARN_NON_LITERAL_NULL_CONVERSION = YES;
				CLANG_WARN_OBJC_LITERAL_CONVERSION = YES;
				CLANG_WARN_OBJC_ROOT_CLASS = YES_ERROR;
				CLANG_WARN_RANGE_LOOP_ANALYSIS = YES;
				CLANG_WARN_STRICT_PROTOTYPES = YES;
				CLANG_WARN_SUSPICIOUS_MOVE = YES;
				CLANG_WARN_UNGUARDED_AVAILABILITY = YES_AGGRESSIVE;
				CLANG_WARN_UNREACHABLE_CODE = YES;
				CLANG_WARN__DUPLICATE_METHOD_MATCH = YES;
				CODE_SIGN_IDENTITY = "iPhone Developer";
				COPY_PHASE_STRIP = NO;
				DEBUG_INFORMATION_FORMAT = "dwarf-with-dsym";
				ENABLE_NS_ASSERTIONS = NO;
				ENABLE_STRICT_OBJC_MSGSEND = YES;
				GCC_C_LANGUAGE_STANDARD = gnu11;
				GCC_NO_COMMON_BLOCKS = YES;
				GCC_WARN_64_TO_32_BIT_CONVERSION = YES;
				GCC_WARN_ABOUT_RETURN_TYPE = YES_ERROR;
				GCC_WARN_UNDECLARED_SELECTOR = YES;
				GCC_WARN_UNINITIALIZED_AUTOS = YES_AGGRESSIVE;
				GCC_WARN_UNUSED_FUNCTION = YES;
				GCC_WARN_UNUSED_VARIABLE = YES;
				IPHONEOS_DEPLOYMENT_TARGET = 11.0;
				MTL_ENABLE_DEBUG_INFO = NO;
				SDKROOT = iphoneos;
				SWIFT_OPTIMIZATION_LEVEL = "-Owholemodule";
				VALIDATE_PRODUCT = YES;
			};
			name = Release;
		};
		CA46C0291FAE3AE100AF4D4F /* Debug */ = {
			isa = XCBuildConfiguration;
			baseConfigurationReference = EC0C9EB22183645C235EB9D6 /* Pods-LectureBuddy.debug.xcconfig */;
			buildSettings = {
				ASSETCATALOG_COMPILER_APPICON_NAME = AppIcon;
				CODE_SIGN_ENTITLEMENTS = LectureBuddy/LectureBuddy.entitlements;
				"CODE_SIGN_IDENTITY[sdk=iphoneos*]" = "iPhone Developer";
				CODE_SIGN_STYLE = Automatic;
				DEVELOPMENT_TEAM = 72H7NZKH7W;
				INFOPLIST_FILE = LectureBuddy/Info.plist;
				LD_RUNPATH_SEARCH_PATHS = "$(inherited) @executable_path/Frameworks";
				PRODUCT_BUNDLE_IDENTIFIER = com.arthur.LectureBuddy;
				PRODUCT_NAME = "$(TARGET_NAME)";
				PROVISIONING_PROFILE = "";
				PROVISIONING_PROFILE_SPECIFIER = "";
				SWIFT_VERSION = 4.0;
				TARGETED_DEVICE_FAMILY = "1,2";
			};
			name = Debug;
		};
		CA46C02A1FAE3AE100AF4D4F /* Release */ = {
			isa = XCBuildConfiguration;
			baseConfigurationReference = 3D821761BCFF6C506422953F /* Pods-LectureBuddy.release.xcconfig */;
			buildSettings = {
				ASSETCATALOG_COMPILER_APPICON_NAME = AppIcon;
				CODE_SIGN_ENTITLEMENTS = LectureBuddy/LectureBuddy.entitlements;
				"CODE_SIGN_IDENTITY[sdk=iphoneos*]" = "iPhone Developer";
				CODE_SIGN_STYLE = Automatic;
				DEVELOPMENT_TEAM = 72H7NZKH7W;
				INFOPLIST_FILE = LectureBuddy/Info.plist;
				LD_RUNPATH_SEARCH_PATHS = "$(inherited) @executable_path/Frameworks";
				PRODUCT_BUNDLE_IDENTIFIER = com.arthur.LectureBuddy;
				PRODUCT_NAME = "$(TARGET_NAME)";
				PROVISIONING_PROFILE = "";
				PROVISIONING_PROFILE_SPECIFIER = "";
				SWIFT_VERSION = 4.0;
				TARGETED_DEVICE_FAMILY = "1,2";
			};
			name = Release;
		};
		CA46C02C1FAE3AE100AF4D4F /* Debug */ = {
			isa = XCBuildConfiguration;
			baseConfigurationReference = EB083320423AEDE1B5B3AE79 /* Pods-LectureBuddyTests.debug.xcconfig */;
			buildSettings = {
				ALWAYS_EMBED_SWIFT_STANDARD_LIBRARIES = YES;
				BUNDLE_LOADER = "$(TEST_HOST)";
				CODE_SIGN_STYLE = Automatic;
				DEVELOPMENT_TEAM = 72H7NZKH7W;
				INFOPLIST_FILE = LectureBuddyTests/Info.plist;
				LD_RUNPATH_SEARCH_PATHS = "$(inherited) @executable_path/Frameworks @loader_path/Frameworks";
				PRODUCT_BUNDLE_IDENTIFIER = com.arthur.LectureBuddyTests;
				PRODUCT_NAME = "$(TARGET_NAME)";
				SWIFT_VERSION = 4.0;
				TARGETED_DEVICE_FAMILY = "1,2";
				TEST_HOST = "$(BUILT_PRODUCTS_DIR)/LectureBuddy.app/LectureBuddy";
			};
			name = Debug;
		};
		CA46C02D1FAE3AE100AF4D4F /* Release */ = {
			isa = XCBuildConfiguration;
			baseConfigurationReference = EA67A444FAE6EBE592477E01 /* Pods-LectureBuddyTests.release.xcconfig */;
			buildSettings = {
				ALWAYS_EMBED_SWIFT_STANDARD_LIBRARIES = YES;
				BUNDLE_LOADER = "$(TEST_HOST)";
				CODE_SIGN_STYLE = Automatic;
				DEVELOPMENT_TEAM = 72H7NZKH7W;
				INFOPLIST_FILE = LectureBuddyTests/Info.plist;
				LD_RUNPATH_SEARCH_PATHS = "$(inherited) @executable_path/Frameworks @loader_path/Frameworks";
				PRODUCT_BUNDLE_IDENTIFIER = com.arthur.LectureBuddyTests;
				PRODUCT_NAME = "$(TARGET_NAME)";
				SWIFT_VERSION = 4.0;
				TARGETED_DEVICE_FAMILY = "1,2";
				TEST_HOST = "$(BUILT_PRODUCTS_DIR)/LectureBuddy.app/LectureBuddy";
			};
			name = Release;
		};
		CA46C02F1FAE3AE100AF4D4F /* Debug */ = {
			isa = XCBuildConfiguration;
			baseConfigurationReference = EB8340ADD16CED3AC9BDC5B1 /* Pods-LectureBuddyUITests.debug.xcconfig */;
			buildSettings = {
				ALWAYS_EMBED_SWIFT_STANDARD_LIBRARIES = YES;
				CODE_SIGN_STYLE = Automatic;
				DEVELOPMENT_TEAM = 72H7NZKH7W;
				INFOPLIST_FILE = LectureBuddyUITests/Info.plist;
				LD_RUNPATH_SEARCH_PATHS = "$(inherited) @executable_path/Frameworks @loader_path/Frameworks";
				PRODUCT_BUNDLE_IDENTIFIER = com.arthur.LectureBuddyUITests;
				PRODUCT_NAME = "$(TARGET_NAME)";
				SWIFT_VERSION = 4.0;
				TARGETED_DEVICE_FAMILY = "1,2";
				TEST_TARGET_NAME = LectureBuddy;
			};
			name = Debug;
		};
		CA46C0301FAE3AE100AF4D4F /* Release */ = {
			isa = XCBuildConfiguration;
			baseConfigurationReference = 9B26A1B8D5644123B1D71854 /* Pods-LectureBuddyUITests.release.xcconfig */;
			buildSettings = {
				ALWAYS_EMBED_SWIFT_STANDARD_LIBRARIES = YES;
				CODE_SIGN_STYLE = Automatic;
				DEVELOPMENT_TEAM = 72H7NZKH7W;
				INFOPLIST_FILE = LectureBuddyUITests/Info.plist;
				LD_RUNPATH_SEARCH_PATHS = "$(inherited) @executable_path/Frameworks @loader_path/Frameworks";
				PRODUCT_BUNDLE_IDENTIFIER = com.arthur.LectureBuddyUITests;
				PRODUCT_NAME = "$(TARGET_NAME)";
				SWIFT_VERSION = 4.0;
				TARGETED_DEVICE_FAMILY = "1,2";
				TEST_TARGET_NAME = LectureBuddy;
			};
			name = Release;
		};
/* End XCBuildConfiguration section */

/* Begin XCConfigurationList section */
		CA46BFFB1FAE3AE100AF4D4F /* Build configuration list for PBXProject "LectureBuddy" */ = {
			isa = XCConfigurationList;
			buildConfigurations = (
				CA46C0261FAE3AE100AF4D4F /* Debug */,
				CA46C0271FAE3AE100AF4D4F /* Release */,
			);
			defaultConfigurationIsVisible = 0;
			defaultConfigurationName = Release;
		};
		CA46C0281FAE3AE100AF4D4F /* Build configuration list for PBXNativeTarget "LectureBuddy" */ = {
			isa = XCConfigurationList;
			buildConfigurations = (
				CA46C0291FAE3AE100AF4D4F /* Debug */,
				CA46C02A1FAE3AE100AF4D4F /* Release */,
			);
			defaultConfigurationIsVisible = 0;
			defaultConfigurationName = Release;
		};
		CA46C02B1FAE3AE100AF4D4F /* Build configuration list for PBXNativeTarget "LectureBuddyTests" */ = {
			isa = XCConfigurationList;
			buildConfigurations = (
				CA46C02C1FAE3AE100AF4D4F /* Debug */,
				CA46C02D1FAE3AE100AF4D4F /* Release */,
			);
			defaultConfigurationIsVisible = 0;
			defaultConfigurationName = Release;
		};
		CA46C02E1FAE3AE100AF4D4F /* Build configuration list for PBXNativeTarget "LectureBuddyUITests" */ = {
			isa = XCConfigurationList;
			buildConfigurations = (
				CA46C02F1FAE3AE100AF4D4F /* Debug */,
				CA46C0301FAE3AE100AF4D4F /* Release */,
			);
			defaultConfigurationIsVisible = 0;
			defaultConfigurationName = Release;
		};
/* End XCConfigurationList section */
	};
	rootObject = CA46BFF81FAE3AE100AF4D4F /* Project object */;
}
